
Microsoft Visual Studio Solution File, Format Version 12.00
# Visual Studio Version 17
VisualStudioVersion = 17.0.31903.59
MinimumVisualStudioVersion = 10.0.40219.1
Project("{FAE04EC0-301F-11D3-BF4B-00C04F79EFBC}") = "Blog.Client", "Blog.Client\Blog.Client.csproj", "{74CE2C77-383E-424E-83E6-5A95B2455225}"
EndProject
Project("{FAE04EC0-301F-11D3-BF4B-00C04F79EFBC}") = "Blog.API", "Blog.API\Blog.API.csproj", "{41E9FB83-BA22-452B-A749-6FC94017D1E0}"
EndProject
Project("{FAE04EC0-301F-11D3-BF4B-00C04F79EFBC}") = "Blog.Core", "Blog.Core\Blog.Core.csproj", "{D53BD001-00D0-4D91-9D5F-68E6848AF0DE}"
EndProject
Project("{FAE04EC0-301F-11D3-BF4B-00C04F79EFBC}") = "Blog.Shared", "Blog.Shared\Blog.Shared.csproj", "{4C7AD934-0C7D-4FF1-A350-C2EEEE73A64C}"
EndProject
Project("{FAE04EC0-301F-11D3-BF4B-00C04F79EFBC}") = "Blog.Infrastructure", "Blog.Infrastructure\Blog.Infrastructure.csproj", "{2D5D003D-DB6C-4A34-8CBB-04A7A4DD7A3B}"
EndProject
Project("{2150E333-8FDC-42A3-9474-1A3956D46DE8}") = "Client", "Client", "{C8D5274F-AC00-46C7-1F8D-E88E81087A52}"
EndProject
Project("{2150E333-8FDC-42A3-9474-1A3956D46DE8}") = "Server", "Server", "{FF0D0DF7-04F2-4296-B8CF-6AE9DBDFCE53}"
EndProject
Global
	GlobalSection(SolutionConfigurationPlatforms) = preSolution
		Debug|Any CPU = Debug|Any CPU
		Debug|x64 = Debug|x64
		Debug|x86 = Debug|x86
		Release|Any CPU = Release|Any CPU
		Release|x64 = Release|x64
		Release|x86 = Release|x86
	EndGlobalSection
	GlobalSection(ProjectConfigurationPlatforms) = postSolution
		{74CE2C77-383E-424E-83E6-5A95B2455225}.Debug|Any CPU.ActiveCfg = Debug|Any CPU
		{74CE2C77-383E-424E-83E6-5A95B2455225}.Debug|Any CPU.Build.0 = Debug|Any CPU
		{74CE2C77-383E-424E-83E6-5A95B2455225}.Debug|x64.ActiveCfg = Debug|Any CPU
		{74CE2C77-383E-424E-83E6-5A95B2455225}.Debug|x64.Build.0 = Debug|Any CPU
		{74CE2C77-383E-424E-83E6-5A95B2455225}.Debug|x86.ActiveCfg = Debug|Any CPU
		{74CE2C77-383E-424E-83E6-5A95B2455225}.Debug|x86.Build.0 = Debug|Any CPU
		{74CE2C77-383E-424E-83E6-5A95B2455225}.Release|Any CPU.ActiveCfg = Release|Any CPU
		{74CE2C77-383E-424E-83E6-5A95B2455225}.Release|Any CPU.Build.0 = Release|Any CPU
		{74CE2C77-383E-424E-83E6-5A95B2455225}.Release|x64.ActiveCfg = Release|Any CPU
		{74CE2C77-383E-424E-83E6-5A95B2455225}.Release|x64.Build.0 = Release|Any CPU
		{74CE2C77-383E-424E-83E6-5A95B2455225}.Release|x86.ActiveCfg = Release|Any CPU
		{74CE2C77-383E-424E-83E6-5A95B2455225}.Release|x86.Build.0 = Release|Any CPU
		{41E9FB83-BA22-452B-A749-6FC94017D1E0}.Debug|Any CPU.ActiveCfg = Debug|Any CPU
		{41E9FB83-BA22-452B-A749-6FC94017D1E0}.Debug|Any CPU.Build.0 = Debug|Any CPU
		{41E9FB83-BA22-452B-A749-6FC94017D1E0}.Debug|x64.ActiveCfg = Debug|Any CPU
		{41E9FB83-BA22-452B-A749-6FC94017D1E0}.Debug|x64.Build.0 = Debug|Any CPU
		{41E9FB83-BA22-452B-A749-6FC94017D1E0}.Debug|x86.ActiveCfg = Debug|Any CPU
		{41E9FB83-BA22-452B-A749-6FC94017D1E0}.Debug|x86.Build.0 = Debug|Any CPU
		{41E9FB83-BA22-452B-A749-6FC94017D1E0}.Release|Any CPU.ActiveCfg = Release|Any CPU
		{41E9FB83-BA22-452B-A749-6FC94017D1E0}.Release|Any CPU.Build.0 = Release|Any CPU
		{41E9FB83-BA22-452B-A749-6FC94017D1E0}.Release|x64.ActiveCfg = Release|Any CPU
		{41E9FB83-BA22-452B-A749-6FC94017D1E0}.Release|x64.Build.0 = Release|Any CPU
		{41E9FB83-BA22-452B-A749-6FC94017D1E0}.Release|x86.ActiveCfg = Release|Any CPU
		{41E9FB83-BA22-452B-A749-6FC94017D1E0}.Release|x86.Build.0 = Release|Any CPU
		{D53BD001-00D0-4D91-9D5F-68E6848AF0DE}.Debug|Any CPU.ActiveCfg = Debug|Any CPU
		{D53BD001-00D0-4D91-9D5F-68E6848AF0DE}.Debug|Any CPU.Build.0 = Debug|Any CPU
		{D53BD001-00D0-4D91-9D5F-68E6848AF0DE}.Debug|x64.ActiveCfg = Debug|Any CPU
		{D53BD001-00D0-4D91-9D5F-68E6848AF0DE}.Debug|x64.Build.0 = Debug|Any CPU
		{D53BD001-00D0-4D91-9D5F-68E6848AF0DE}.Debug|x86.ActiveCfg = Debug|Any CPU
		{D53BD001-00D0-4D91-9D5F-68E6848AF0DE}.Debug|x86.Build.0 = Debug|Any CPU
		{D53BD001-00D0-4D91-9D5F-68E6848AF0DE}.Release|Any CPU.ActiveCfg = Release|Any CPU
		{D53BD001-00D0-4D91-9D5F-68E6848AF0DE}.Release|Any CPU.Build.0 = Release|Any CPU
		{D53BD001-00D0-4D91-9D5F-68E6848AF0DE}.Release|x64.ActiveCfg = Release|Any CPU
		{D53BD001-00D0-4D91-9D5F-68E6848AF0DE}.Release|x64.Build.0 = Release|Any CPU
		{D53BD001-00D0-4D91-9D5F-68E6848AF0DE}.Release|x86.ActiveCfg = Release|Any CPU
		{D53BD001-00D0-4D91-9D5F-68E6848AF0DE}.Release|x86.Build.0 = Release|Any CPU
		{4C7AD934-0C7D-4FF1-A350-C2EEEE73A64C}.Debug|Any CPU.ActiveCfg = Debug|Any CPU
		{4C7AD934-0C7D-4FF1-A350-C2EEEE73A64C}.Debug|Any CPU.Build.0 = Debug|Any CPU
		{4C7AD934-0C7D-4FF1-A350-C2EEEE73A64C}.Debug|x64.ActiveCfg = Debug|Any CPU
		{4C7AD934-0C7D-4FF1-A350-C2EEEE73A64C}.Debug|x64.Build.0 = Debug|Any CPU
		{4C7AD934-0C7D-4FF1-A350-C2EEEE73A64C}.Debug|x86.ActiveCfg = Debug|Any CPU
		{4C7AD934-0C7D-4FF1-A350-C2EEEE73A64C}.Debug|x86.Build.0 = Debug|Any CPU
		{4C7AD934-0C7D-4FF1-A350-C2EEEE73A64C}.Release|Any CPU.ActiveCfg = Release|Any CPU
		{4C7AD934-0C7D-4FF1-A350-C2EEEE73A64C}.Release|Any CPU.Build.0 = Release|Any CPU
		{4C7AD934-0C7D-4FF1-A350-C2EEEE73A64C}.Release|x64.ActiveCfg = Release|Any CPU
		{4C7AD934-0C7D-4FF1-A350-C2EEEE73A64C}.Release|x64.Build.0 = Release|Any CPU
		{4C7AD934-0C7D-4FF1-A350-C2EEEE73A64C}.Release|x86.ActiveCfg = Release|Any CPU
		{4C7AD934-0C7D-4FF1-A350-C2EEEE73A64C}.Release|x86.Build.0 = Release|Any CPU
		{2D5D003D-DB6C-4A34-8CBB-04A7A4DD7A3B}.Debug|Any CPU.ActiveCfg = Debug|Any CPU
		{2D5D003D-DB6C-4A34-8CBB-04A7A4DD7A3B}.Debug|Any CPU.Build.0 = Debug|Any CPU
		{2D5D003D-DB6C-4A34-8CBB-04A7A4DD7A3B}.Debug|x64.ActiveCfg = Debug|Any CPU
		{2D5D003D-DB6C-4A34-8CBB-04A7A4DD7A3B}.Debug|x64.Build.0 = Debug|Any CPU
		{2D5D003D-DB6C-4A34-8CBB-04A7A4DD7A3B}.Debug|x86.ActiveCfg = Debug|Any CPU
		{2D5D003D-DB6C-4A34-8CBB-04A7A4DD7A3B}.Debug|x86.Build.0 = Debug|Any CPU
		{2D5D003D-DB6C-4A34-8CBB-04A7A4DD7A3B}.Release|Any CPU.ActiveCfg = Release|Any CPU
		{2D5D003D-DB6C-4A34-8CBB-04A7A4DD7A3B}.Release|Any CPU.Build.0 = Release|Any CPU
		{2D5D003D-DB6C-4A34-8CBB-04A7A4DD7A3B}.Release|x64.ActiveCfg = Release|Any CPU
		{2D5D003D-DB6C-4A34-8CBB-04A7A4DD7A3B}.Release|x64.Build.0 = Release|Any CPU
		{2D5D003D-DB6C-4A34-8CBB-04A7A4DD7A3B}.Release|x86.ActiveCfg = Release|Any CPU
		{2D5D003D-DB6C-4A34-8CBB-04A7A4DD7A3B}.Release|x86.Build.0 = Release|Any CPU
	EndGlobalSection
	GlobalSection(SolutionProperties) = preSolution
		HideSolutionNode = FALSE
	EndGlobalSection
	GlobalSection(NestedProjects) = preSolution
		{74CE2C77-383E-424E-83E6-5A95B2455225} = {C8D5274F-AC00-46C7-1F8D-E88E81087A52}
		{41E9FB83-BA22-452B-A749-6FC94017D1E0} = {FF0D0DF7-04F2-4296-B8CF-6AE9DBDFCE53}
		{D53BD001-00D0-4D91-9D5F-68E6848AF0DE} = {FF0D0DF7-04F2-4296-B8CF-6AE9DBDFCE53}
		{4C7AD934-0C7D-4FF1-A350-C2EEEE73A64C} = {FF0D0DF7-04F2-4296-B8CF-6AE9DBDFCE53}
		{2D5D003D-DB6C-4A34-8CBB-04A7A4DD7A3B} = {FF0D0DF7-04F2-4296-B8CF-6AE9DBDFCE53}
	EndGlobalSection
EndGlobal
